
Microsoft Visual Studio Solution File, Format Version 12.00
# Visual Studio Version 17
VisualStudioVersion = 17.9.34728.123
MinimumVisualStudioVersion = 10.0.40219.1
Project("{9A19103F-16F7-4668-BE54-9A1E7A4F7556}") = "ShadowLayout.Android", "ShadowLayout.Android\ShadowLayout.Android.csproj", "{22C2F964-9B9B-4058-8F62-D2CB0A7826EA}"
EndProject
Global
	GlobalSection(SolutionConfigurationPlatforms) = preSolution
		Debug|Any CPU = Debug|Any CPU
		Release|Any CPU = Release|Any CPU
	EndGlobalSection
	GlobalSection(ProjectConfigurationPlatforms) = postSolution
		{22C2F964-9B9B-4058-8F62-D2CB0A7826EA}.Debug|Any CPU.ActiveCfg = Debug|Any CPU
		{22C2F964-9B9B-4058-8F62-D2CB0A7826EA}.Debug|Any CPU.Build.0 = Debug|Any CPU
		{22C2F964-9B9B-4058-8F62-D2CB0A7826EA}.Release|Any CPU.ActiveCfg = Release|Any CPU
		{22C2F964-9B9B-4058-8F62-D2CB0A7826EA}.Release|Any CPU.Build.0 = Release|Any CPU
	EndGlobalSection
	GlobalSection(SolutionProperties) = preSolution
		HideSolutionNode = FALSE
	EndGlobalSection
	GlobalSection(ExtensibilityGlobals) = postSolution
		SolutionGuid = {E2F750F1-983D-4439-BDB1-6571AF5E661C}
	EndGlobalSection
EndGlobal
